
Microsoft Visual Studio Solution File, Format Version 12.00
# Visual Studio Version 16
VisualStudioVersion = 16.0.29418.71
MinimumVisualStudioVersion = 10.0.40219.1
Project("{FAE04EC0-301F-11D3-BF4B-00C04F79EFBC}") = "WebRequest.Elegant", "src\WebRequest.Elegant.csproj", "{0B6F4E20-F6B0-4091-9554-00F4A9A520BA}"
EndProject
Project("{FAE04EC0-301F-11D3-BF4B-00C04F79EFBC}") = "WebRequest.Tests", "tests\WebRequest.Tests.csproj", "{FD2EF963-F1CA-4ED4-AD2B-0D79CABA77EB}"
EndProject
Global
	GlobalSection(SolutionConfigurationPlatforms) = preSolution
		Debug|Any CPU = Debug|Any CPU
		Release|Any CPU = Release|Any CPU
	EndGlobalSection
	GlobalSection(ProjectConfigurationPlatforms) = postSolution
		{0B6F4E20-F6B0-4091-9554-00F4A9A520BA}.Debug|Any CPU.ActiveCfg = Debug|Any CPU
		{0B6F4E20-F6B0-4091-9554-00F4A9A520BA}.Debug|Any CPU.Build.0 = Debug|Any CPU
		{0B6F4E20-F6B0-4091-9554-00F4A9A520BA}.Release|Any CPU.ActiveCfg = Release|Any CPU
		{0B6F4E20-F6B0-4091-9554-00F4A9A520BA}.Release|Any CPU.Build.0 = Release|Any CPU
		{FD2EF963-F1CA-4ED4-AD2B-0D79CABA77EB}.Debug|Any CPU.ActiveCfg = Debug|Any CPU
		{FD2EF963-F1CA-4ED4-AD2B-0D79CABA77EB}.Debug|Any CPU.Build.0 = Debug|Any CPU
		{FD2EF963-F1CA-4ED4-AD2B-0D79CABA77EB}.Release|Any CPU.ActiveCfg = Release|Any CPU
		{FD2EF963-F1CA-4ED4-AD2B-0D79CABA77EB}.Release|Any CPU.Build.0 = Release|Any CPU
	EndGlobalSection
	GlobalSection(SolutionProperties) = preSolution
		HideSolutionNode = FALSE
	EndGlobalSection
	GlobalSection(ExtensibilityGlobals) = postSolution
		SolutionGuid = {5CEC4BF9-CF61-4FD1-A8F1-EB7E55BCFB85}
	EndGlobalSection
EndGlobal
